
Microsoft Visual Studio Solution File, Format Version 12.00
# Visual Studio 15
VisualStudioVersion = 15.0.28307.1000
MinimumVisualStudioVersion = 10.0.40219.1
Project("{FAE04EC0-301F-11D3-BF4B-00C04F79EFBC}") = "LAb1_3", "LAb1_3\LAb1_3.csproj", "{06055417-5A65-400C-8C3D-208BBF2A4C09}"
EndProject
Global
	GlobalSection(SolutionConfigurationPlatforms) = preSolution
		Debug|Any CPU = Debug|Any CPU
		Release|Any CPU = Release|Any CPU
	EndGlobalSection
	GlobalSection(ProjectConfigurationPlatforms) = postSolution
		{06055417-5A65-400C-8C3D-208BBF2A4C09}.Debug|Any CPU.ActiveCfg = Debug|Any CPU
		{06055417-5A65-400C-8C3D-208BBF2A4C09}.Debug|Any CPU.Build.0 = Debug|Any CPU
		{06055417-5A65-400C-8C3D-208BBF2A4C09}.Release|Any CPU.ActiveCfg = Release|Any CPU
		{06055417-5A65-400C-8C3D-208BBF2A4C09}.Release|Any CPU.Build.0 = Release|Any CPU
	EndGlobalSection
	GlobalSection(SolutionProperties) = preSolution
		HideSolutionNode = FALSE
	EndGlobalSection
	GlobalSection(ExtensibilityGlobals) = postSolution
		SolutionGuid = {F27C4BB6-8854-4930-8490-4AB209E19F77}
	EndGlobalSection
EndGlobal
